
Microsoft Visual Studio Solution File, Format Version 12.00
# Visual Studio Version 17
VisualStudioVersion = 17.2.32630.192
MinimumVisualStudioVersion = 10.0.40219.1
Project("{FAE04EC0-301F-11D3-BF4B-00C04F79EFBC}") = "market-is-back", "market-is-back.csproj", "{695954C2-6115-4630-8212-D07EF4378780}"
EndProject
Global
	GlobalSection(SolutionConfigurationPlatforms) = preSolution
		Debug|Any CPU = Debug|Any CPU
		Release|Any CPU = Release|Any CPU
	EndGlobalSection
	GlobalSection(ProjectConfigurationPlatforms) = postSolution
		{695954C2-6115-4630-8212-D07EF4378780}.Debug|Any CPU.ActiveCfg = Debug|Any CPU
		{695954C2-6115-4630-8212-D07EF4378780}.Debug|Any CPU.Build.0 = Debug|Any CPU
		{695954C2-6115-4630-8212-D07EF4378780}.Release|Any CPU.ActiveCfg = Release|Any CPU
		{695954C2-6115-4630-8212-D07EF4378780}.Release|Any CPU.Build.0 = Release|Any CPU
	EndGlobalSection
	GlobalSection(SolutionProperties) = preSolution
		HideSolutionNode = FALSE
	EndGlobalSection
	GlobalSection(ExtensibilityGlobals) = postSolution
		SolutionGuid = {2282A071-CCDD-44C5-9B88-39DCD9E35F72}
	EndGlobalSection
EndGlobal
